
Microsoft Visual Studio Solution File, Format Version 12.00
# Visual Studio Version 17
VisualStudioVersion = 17.3.32922.545
MinimumVisualStudioVersion = 10.0.40219.1
Project("{FAE04EC0-301F-11D3-BF4B-00C04F79EFBC}") = "AnketApp", "AnketApp.csproj", "{2E2F5C1F-87A5-4E30-AF3F-40D23BC9C7B8}"
EndProject
Global
	GlobalSection(SolutionConfigurationPlatforms) = preSolution
		Debug|Any CPU = Debug|Any CPU
		Release|Any CPU = Release|Any CPU
	EndGlobalSection
	GlobalSection(ProjectConfigurationPlatforms) = postSolution
		{2E2F5C1F-87A5-4E30-AF3F-40D23BC9C7B8}.Debug|Any CPU.ActiveCfg = Debug|Any CPU
		{2E2F5C1F-87A5-4E30-AF3F-40D23BC9C7B8}.Debug|Any CPU.Build.0 = Debug|Any CPU
		{2E2F5C1F-87A5-4E30-AF3F-40D23BC9C7B8}.Release|Any CPU.ActiveCfg = Release|Any CPU
		{2E2F5C1F-87A5-4E30-AF3F-40D23BC9C7B8}.Release|Any CPU.Build.0 = Release|Any CPU
	EndGlobalSection
	GlobalSection(SolutionProperties) = preSolution
		HideSolutionNode = FALSE
	EndGlobalSection
	GlobalSection(ExtensibilityGlobals) = postSolution
		SolutionGuid = {FFBFF91F-71AA-46A5-A21E-BB628107E085}
	EndGlobalSection
EndGlobal
